// !$*UTF8*$!
{
	archiveVersion = 1;
	classes = {
	};
	objectVersion = 50;
	objects = {

/* Begin PBXBuildFile section */
		270B72B6234396BC0074DE5F /* AppDelegate.swift in Sources */ = {isa = PBXBuildFile; fileRef = 270B72B5234396BC0074DE5F /* AppDelegate.swift */; };
		270B72B8234396BC0074DE5F /* SceneDelegate.swift in Sources */ = {isa = PBXBuildFile; fileRef = 270B72B7234396BC0074DE5F /* SceneDelegate.swift */; };
		270B72BA234396BC0074DE5F /* ContentView.swift in Sources */ = {isa = PBXBuildFile; fileRef = 270B72B9234396BC0074DE5F /* ContentView.swift */; };
		270B72BC234396BF0074DE5F /* Assets.xcassets in Resources */ = {isa = PBXBuildFile; fileRef = 270B72BB234396BF0074DE5F /* Assets.xcassets */; };
		270B72BF234396BF0074DE5F /* Preview Assets.xcassets in Resources */ = {isa = PBXBuildFile; fileRef = 270B72BE234396BF0074DE5F /* Preview Assets.xcassets */; };
		270B72C2234396BF0074DE5F /* LaunchScreen.storyboard in Resources */ = {isa = PBXBuildFile; fileRef = 270B72C0234396BF0074DE5F /* LaunchScreen.storyboard */; };
/* End PBXBuildFile section */

/* Begin PBXFileReference section */
		270B72B2234396BC0074DE5F /* LeopardCat.app */ = {isa = PBXFileReference; explicitFileType = wrapper.application; includeInIndex = 0; path = LeopardCat.app; sourceTree = BUILT_PRODUCTS_DIR; };
		270B72B5234396BC0074DE5F /* AppDelegate.swift */ = {isa = PBXFileReference; lastKnownFileType = sourcecode.swift; path = AppDelegate.swift; sourceTree = "<group>"; };
		270B72B7234396BC0074DE5F /* SceneDelegate.swift */ = {isa = PBXFileReference; lastKnownFileType = sourcecode.swift; path = SceneDelegate.swift; sourceTree = "<group>"; };
		270B72B9234396BC0074DE5F /* ContentView.swift */ = {isa = PBXFileReference; lastKnownFileType = sourcecode.swift; path = ContentView.swift; sourceTree = "<group>"; };
		270B72BB234396BF0074DE5F /* Assets.xcassets */ = {isa = PBXFileReference; lastKnownFileType = folder.assetcatalog; path = Assets.xcassets; sourceTree = "<group>"; };
		270B72BE234396BF0074DE5F /* Preview Assets.xcassets */ = {isa = PBXFileReference; lastKnownFileType = folder.assetcatalog; path = "Preview Assets.xcassets"; sourceTree = "<group>"; };
		270B72C1234396BF0074DE5F /* Base */ = {isa = PBXFileReference; lastKnownFileType = file.storyboard; name = Base; path = Base.lproj/LaunchScreen.storyboard; sourceTree = "<group>"; };
		270B72C3234396BF0074DE5F /* Info.plist */ = {isa = PBXFileReference; lastKnownFileType = text.plist.xml; path = Info.plist; sourceTree = "<group>"; };
/* End PBXFileReference section */

/* Begin PBXFrameworksBuildPhase section */
		270B72AF234396BC0074DE5F /* Frameworks */ = {
			isa = PBXFrameworksBuildPhase;
			buildActionMask = 2147483647;
			files = (
			);
			runOnlyForDeploymentPostprocessing = 0;
		};
/* End PBXFrameworksBuildPhase section */

/* Begin PBXGroup section */
		270B72A9234396BC0074DE5F = {
			isa = PBXGroup;
			children = (
				270B72B4234396BC0074DE5F /* LeopardCat */,
				270B72B3234396BC0074DE5F /* Products */,
			);
			sourceTree = "<group>";
		};
		270B72B3234396BC0074DE5F /* Products */ = {
			isa = PBXGroup;
			children = (
				270B72B2234396BC0074DE5F /* LeopardCat.app */,
			);
			name = Products;
			sourceTree = "<group>";
		};
		270B72B4234396BC0074DE5F /* LeopardCat */ = {
			isa = PBXGroup;
			children = (
				270B72B5234396BC0074DE5F /* AppDelegate.swift */,
				270B72B7234396BC0074DE5F /* SceneDelegate.swift */,
				270B72B9234396BC0074DE5F /* ContentView.swift */,
				270B72BB234396BF0074DE5F /* Assets.xcassets */,
				270B72C0234396BF0074DE5F /* LaunchScreen.storyboard */,
				270B72C3234396BF0074DE5F /* Info.plist */,
				270B72BD234396BF0074DE5F /* Preview Content */,
			);
			path = LeopardCat;
			sourceTree = "<group>";
		};
		270B72BD234396BF0074DE5F /* Preview Content */ = {
			isa = PBXGroup;
			children = (
				270B72BE234396BF0074DE5F /* Preview Assets.xcassets */,
			);
			path = "Preview Content";
			sourceTree = "<group>";
		};
/* End PBXGroup section */

/* Begin PBXNativeTarget section */
		270B72B1234396BC0074DE5F /* LeopardCat */ = {
			isa = PBXNativeTarget;
			buildConfigurationList = 270B72C6234396BF0074DE5F /* Build configuration list for PBXNativeTarget "LeopardCat" */;
			buildPhases = (
				270B72AE234396BC0074DE5F /* Sources */,
				270B72AF234396BC0074DE5F /* Frameworks */,
				270B72B0234396BC0074DE5F /* Resources */,
			);
			buildRules = (
			);
			dependencies = (
			);
			name = LeopardCat;
			productName = LeopardCat;
			productReference = 270B72B2234396BC0074DE5F /* LeopardCat.app */;
			productType = "com.apple.product-type.application";
		};
/* End PBXNativeTarget section */

/* Begin PBXProject section */
		270B72AA234396BC0074DE5F /* Project object */ = {
			isa = PBXProject;
			attributes = {
				LastSwiftUpdateCheck = 1100;
				LastUpgradeCheck = 1100;
				ORGANIZATIONNAME = mikewang;
				TargetAttributes = {
					270B72B1234396BC0074DE5F = {
						CreatedOnToolsVersion = 11.0;
					};
				};
			};
			buildConfigurationList = 270B72AD234396BC0074DE5F /* Build configuration list for PBXProject "LeopardCat" */;
			compatibilityVersion = "Xcode 9.3";
			developmentRegion = en;
			hasScannedForEncodings = 0;
			knownRegions = (
				en,
				Base,
			);
			mainGroup = 270B72A9234396BC0074DE5F;
			productRefGroup = 270B72B3234396BC0074DE5F /* Products */;
			projectDirPath = "";
			projectRoot = "";
			targets = (
				270B72B1234396BC0074DE5F /* LeopardCat */,
			);
		};
/* End PBXProject section */

/* Begin PBXResourcesBuildPhase section */
		270B72B0234396BC0074DE5F /* Resources */ = {
			isa = PBXResourcesBuildPhase;
			buildActionMask = 2147483647;
			files = (
				270B72C2234396BF0074DE5F /* LaunchScreen.storyboard in Resources */,
				270B72BF234396BF0074DE5F /* Preview Assets.xcassets in Resources */,
				270B72BC234396BF0074DE5F /* Assets.xcassets in Resources */,
			);
			runOnlyForDeploymentPostprocessing = 0;
		};
/* End PBXResourcesBuildPhase section */

/* Begin PBXSourcesBuildPhase section */
		270B72AE234396BC0074DE5F /* Sources */ = {
			isa = PBXSourcesBuildPhase;
			buildActionMask = 2147483647;
			files = (
				270B72B6234396BC0074DE5F /* AppDelegate.swift in Sources */,
				270B72B8234396BC0074DE5F /* SceneDelegate.swift in Sources */,
				270B72BA234396BC0074DE5F /* ContentView.swift in Sources */,
			);
			runOnlyForDeploymentPostprocessing = 0;
		};
/* End PBXSourcesBuildPhase section */

/* Begin PBXVariantGroup section */
		270B72C0234396BF0074DE5F /* LaunchScreen.storyboard */ = {
			isa = PBXVariantGroup;
			children = (
				270B72C1234396BF0074DE5F /* Base */,
			);
			name = LaunchScreen.storyboard;
			sourceTree = "<group>";
		};
/* End PBXVariantGroup section */

/* Begin XCBuildConfiguration section */
		270B72C4234396BF0074DE5F /* Debug */ = {
			isa = XCBuildConfiguration;
			buildSettings = {
				ALWAYS_SEARCH_USER_PATHS = NO;
				CLANG_ANALYZER_NONNULL = YES;
				CLANG_ANALYZER_NUMBER_OBJECT_CONVERSION = YES_AGGRESSIVE;
				CLANG_CXX_LANGUAGE_STANDARD = "gnu++14";
				CLANG_CXX_LIBRARY = "libc++";
				CLANG_ENABLE_MODULES = YES;
				CLANG_ENABLE_OBJC_ARC = YES;
				CLANG_ENABLE_OBJC_WEAK = YES;
				CLANG_WARN_BLOCK_CAPTURE_AUTORELEASING = YES;
				CLANG_WARN_BOOL_CONVERSION = YES;
				CLANG_WARN_COMMA = YES;
				CLANG_WARN_CONSTANT_CONVERSION = YES;
				CLANG_WARN_DEPRECATED_OBJC_IMPLEMENTATIONS = YES;
				CLANG_WARN_DIRECT_OBJC_ISA_USAGE = YES_ERROR;
				CLANG_WARN_DOCUMENTATION_COMMENTS = YES;
				CLANG_WARN_EMPTY_BODY = YES;
				CLANG_WARN_ENUM_CONVERSION = YES;
				CLANG_WARN_INFINITE_RECURSION = YES;
				CLANG_WARN_INT_CONVERSION = YES;
				CLANG_WARN_NON_LITERAL_NULL_CONVERSION = YES;
				CLANG_WARN_OBJC_IMPLICIT_RETAIN_SELF = YES;
				CLANG_WARN_OBJC_LITERAL_CONVERSION = YES;
				CLANG_WARN_OBJC_ROOT_CLASS = YES_ERROR;
				CLANG_WARN_RANGE_LOOP_ANALYSIS = YES;
				CLANG_WARN_STRICT_PROTOTYPES = YES;
				CLANG_WARN_SUSPICIOUS_MOVE = YES;
				CLANG_WARN_UNGUARDED_AVAILABILITY = YES_AGGRESSIVE;
				CLANG_WARN_UNREACHABLE_CODE = YES;
				CLANG_WARN__DUPLICATE_METHOD_MATCH = YES;
				COPY_PHASE_STRIP = NO;
				DEBUG_INFORMATION_FORMAT = dwarf;
				ENABLE_STRICT_OBJC_MSGSEND = YES;
				ENABLE_TESTABILITY = YES;
				GCC_C_LANGUAGE_STANDARD = gnu11;
				GCC_DYNAMIC_NO_PIC = NO;
				GCC_NO_COMMON_BLOCKS = YES;
				GCC_OPTIMIZATION_LEVEL = 0;
				GCC_PREPROCESSOR_DEFINITIONS = (
					"DEBUG=1",
					"$(inherited)",
				);
				GCC_WARN_64_TO_32_BIT_CONVERSION = YES;
				GCC_WARN_ABOUT_RETURN_TYPE = YES_ERROR;
				GCC_WARN_UNDECLARED_SELECTOR = YES;
				GCC_WARN_UNINITIALIZED_AUTOS = YES_AGGRESSIVE;
				GCC_WARN_UNUSED_FUNCTION = YES;
				GCC_WARN_UNUSED_VARIABLE = YES;
				IPHONEOS_DEPLOYMENT_TARGET = 13.0;
				MTL_ENABLE_DEBUG_INFO = INCLUDE_SOURCE;
				MTL_FAST_MATH = YES;
				ONLY_ACTIVE_ARCH = YES;
				SDKROOT = iphoneos;
				SWIFT_ACTIVE_COMPILATION_CONDITIONS = DEBUG;
				SWIFT_OPTIMIZATION_LEVEL = "-Onone";
			};
			name = Debug;
		};
		270B72C5234396BF0074DE5F /* Release */ = {
			isa = XCBuildConfiguration;
			buildSettings = {
				ALWAYS_SEARCH_USER_PATHS = NO;
				CLANG_ANALYZER_NONNULL = YES;
				CLANG_ANALYZER_NUMBER_OBJECT_CONVERSION = YES_AGGRESSIVE;
				CLANG_CXX_LANGUAGE_STANDARD = "gnu++14";
				CLANG_CXX_LIBRARY = "libc++";
				CLANG_ENABLE_MODULES = YES;
				CLANG_ENABLE_OBJC_ARC = YES;
				CLANG_ENABLE_OBJC_WEAK = YES;
				CLANG_WARN_BLOCK_CAPTURE_AUTORELEASING = YES;
				CLANG_WARN_BOOL_CONVERSION = YES;
				CLANG_WARN_COMMA = YES;
				CLANG_WARN_CONSTANT_CONVERSION = YES;
				CLANG_WARN_DEPRECATED_OBJC_IMPLEMENTATIONS = YES;
				CLANG_WARN_DIRECT_OBJC_ISA_USAGE = YES_ERROR;
				CLANG_WARN_DOCUMENTATION_COMMENTS = YES;
				CLANG_WARN_EMPTY_BODY = YES;
				CLANG_WARN_ENUM_CONVERSION = YES;
				CLANG_WARN_INFINITE_RECURSION = YES;
				CLANG_WARN_INT_CONVERSION = YES;
				CLANG_WARN_NON_LITERAL_NULL_CONVERSION = YES;
				CLANG_WARN_OBJC_IMPLICIT_RETAIN_SELF = YES;
				CLANG_WARN_OBJC_LITERAL_CONVERSION = YES;
				CLANG_WARN_OBJC_ROOT_CLASS = YES_ERROR;
				CLANG_WARN_RANGE_LOOP_ANALYSIS = YES;
				CLANG_WARN_STRICT_PROTOTYPES = YES;
				CLANG_WARN_SUSPICIOUS_MOVE = YES;
				CLANG_WARN_UNGUARDED_AVAILABILITY = YES_AGGRESSIVE;
				CLANG_WARN_UNREACHABLE_CODE = YES;
				CLANG_WARN__DUPLICATE_METHOD_MATCH = YES;
				COPY_PHASE_STRIP = NO;
				DEBUG_INFORMATION_FORMAT = "dwarf-with-dsym";
				ENABLE_NS_ASSERTIONS = NO;
				ENABLE_STRICT_OBJC_MSGSEND = YES;
				GCC_C_LANGUAGE_STANDARD = gnu11;
				GCC_NO_COMMON_BLOCKS = YES;
				GCC_WARN_64_TO_32_BIT_CONVERSION = YES;
				GCC_WARN_ABOUT_RETURN_TYPE = YES_ERROR;
				GCC_WARN_UNDECLARED_SELECTOR = YES;
				GCC_WARN_UNINITIALIZED_AUTOS = YES_AGGRESSIVE;
				GCC_WARN_UNUSED_FUNCTION = YES;
				GCC_WARN_UNUSED_VARIABLE = YES;
				IPHONEOS_DEPLOYMENT_TARGET = 13.0;
				MTL_ENABLE_DEBUG_INFO = NO;
				MTL_FAST_MATH = YES;
				SDKROOT = iphoneos;
				SWIFT_COMPILATION_MODE = wholemodule;
				SWIFT_OPTIMIZATION_LEVEL = "-O";
				VALIDATE_PRODUCT = YES;
			};
			name = Release;
		};
		270B72C7234396BF0074DE5F /* Debug */ = {
			isa = XCBuildConfiguration;
			buildSettings = {
				ASSETCATALOG_COMPILER_APPICON_NAME = AppIcon;
				CODE_SIGN_STYLE = Automatic;
				DEVELOPMENT_ASSET_PATHS = "\"LeopardCat/Preview Content\"";
				ENABLE_PREVIEWS = YES;
				INFOPLIST_FILE = LeopardCat/Info.plist;
				LD_RUNPATH_SEARCH_PATHS = (
					"$(inherited)",
					"@executable_path/Frameworks",
				);
				PRODUCT_BUNDLE_IDENTIFIER = com.mike.LeopardCat;
				PRODUCT_NAME = "$(TARGET_NAME)";
				SWIFT_VERSION = 5.0;
				TARGETED_DEVICE_FAMILY = "1,2";
			};
			name = Debug;
		};
		270B72C8234396BF0074DE5F /* Release */ = {
			isa = XCBuildConfiguration;
			buildSettings = {
				ASSETCATALOG_COMPILER_APPICON_NAME = AppIcon;
				CODE_SIGN_STYLE = Automatic;
				DEVELOPMENT_ASSET_PATHS = "\"LeopardCat/Preview Content\"";
				ENABLE_PREVIEWS = YES;
				INFOPLIST_FILE = LeopardCat/Info.plist;
				LD_RUNPATH_SEARCH_PATHS = (
					"$(inherited)",
					"@executable_path/Frameworks",
				);
				PRODUCT_BUNDLE_IDENTIFIER = com.mike.LeopardCat;
				PRODUCT_NAME = "$(TARGET_NAME)";
				SWIFT_VERSION = 5.0;
				TARGETED_DEVICE_FAMILY = "1,2";
			};
			name = Release;
		};
/* End XCBuildConfiguration section */

/* Begin XCConfigurationList section */
		270B72AD234396BC0074DE5F /* Build configuration list for PBXProject "LeopardCat" */ = {
			isa = XCConfigurationList;
			buildConfigurations = (
				270B72C4234396BF0074DE5F /* Debug */,
				270B72C5234396BF0074DE5F /* Release */,
			);
			defaultConfigurationIsVisible = 0;
			defaultConfigurationName = Release;
		};
		270B72C6234396BF0074DE5F /* Build configuration list for PBXNativeTarget "LeopardCat" */ = {
			isa = XCConfigurationList;
			buildConfigurations = (
				270B72C7234396BF0074DE5F /* Debug */,
				270B72C8234396BF0074DE5F /* Release */,
			);
			defaultConfigurationIsVisible = 0;
			defaultConfigurationName = Release;
		};
/* End XCConfigurationList section */
	};
	rootObject = 270B72AA234396BC0074DE5F /* Project object */;
}
