// !$*UTF8*$!
{
	archiveVersion = 1;
	classes = {
	};
	objectVersion = 51;
	objects = {

/* Begin PBXBuildFile section */
		27005327234F264900359CB0 /* RealmHelper.swift in Sources */ = {isa = PBXBuildFile; fileRef = 27005326234F264900359CB0 /* RealmHelper.swift */; };
		2700532F2350B22000359CB0 /* ToDoListTests.swift in Sources */ = {isa = PBXBuildFile; fileRef = 2700532E2350B22000359CB0 /* ToDoListTests.swift */; };
		27005337235101E500359CB0 /* ToDoListModelTests.swift in Sources */ = {isa = PBXBuildFile; fileRef = 27005336235101E400359CB0 /* ToDoListModelTests.swift */; };
		276BEF2C2347712D007AFFB8 /* ListViewController.swift in Sources */ = {isa = PBXBuildFile; fileRef = 276BEF2B2347712D007AFFB8 /* ListViewController.swift */; };
		276EB32D2349CE2F0063250C /* CreateViewController.swift in Sources */ = {isa = PBXBuildFile; fileRef = 276EB32C2349CE2F0063250C /* CreateViewController.swift */; };
		276EB32F2349CE3A0063250C /* EditViewController.swift in Sources */ = {isa = PBXBuildFile; fileRef = 276EB32E2349CE3A0063250C /* EditViewController.swift */; };
		277EA5F6235C5CE500814AB9 /* LoginViewController.swift in Sources */ = {isa = PBXBuildFile; fileRef = 277EA5F5235C5CE500814AB9 /* LoginViewController.swift */; };
		278FC6912349D33D009BD2A8 /* ToDoList.swift in Sources */ = {isa = PBXBuildFile; fileRef = 278FC6902349D33D009BD2A8 /* ToDoList.swift */; };
		278FC695234AE2D7009BD2A8 /* ListTableViewController.swift in Sources */ = {isa = PBXBuildFile; fileRef = 278FC694234AE2D7009BD2A8 /* ListTableViewController.swift */; };
		278FC697234AE535009BD2A8 /* ListTableViewCell.swift in Sources */ = {isa = PBXBuildFile; fileRef = 278FC696234AE535009BD2A8 /* ListTableViewCell.swift */; };
		27E4C9ED2344927E00ABC7A8 /* AppDelegate.swift in Sources */ = {isa = PBXBuildFile; fileRef = 27E4C9EC2344927E00ABC7A8 /* AppDelegate.swift */; };
		27E4C9EF2344927E00ABC7A8 /* SceneDelegate.swift in Sources */ = {isa = PBXBuildFile; fileRef = 27E4C9EE2344927E00ABC7A8 /* SceneDelegate.swift */; };
		27E4C9F42344927E00ABC7A8 /* Main.storyboard in Resources */ = {isa = PBXBuildFile; fileRef = 27E4C9F22344927E00ABC7A8 /* Main.storyboard */; };
		27E4C9F62344928000ABC7A8 /* Assets.xcassets in Resources */ = {isa = PBXBuildFile; fileRef = 27E4C9F52344928000ABC7A8 /* Assets.xcassets */; };
		27E4C9F92344928000ABC7A8 /* LaunchScreen.storyboard in Resources */ = {isa = PBXBuildFile; fileRef = 27E4C9F72344928000ABC7A8 /* LaunchScreen.storyboard */; };
		790AB60E18AA713739242F5B /* Pods_ToDoList.framework in Frameworks */ = {isa = PBXBuildFile; fileRef = 4E38D78DAF0280FE16C2C61A /* Pods_ToDoList.framework */; };
/* End PBXBuildFile section */

/* Begin PBXContainerItemProxy section */
		270053312350B22000359CB0 /* PBXContainerItemProxy */ = {
			isa = PBXContainerItemProxy;
			containerPortal = 27E4C9E12344927E00ABC7A8 /* Project object */;
			proxyType = 1;
			remoteGlobalIDString = 27E4C9E82344927E00ABC7A8;
			remoteInfo = ToDoList;
		};
/* End PBXContainerItemProxy section */

/* Begin PBXFileReference section */
		15FDA31546874249AD95EA64 /* Pods-ToDoList.release.xcconfig */ = {isa = PBXFileReference; includeInIndex = 1; lastKnownFileType = text.xcconfig; name = "Pods-ToDoList.release.xcconfig"; path = "Target Support Files/Pods-ToDoList/Pods-ToDoList.release.xcconfig"; sourceTree = "<group>"; };
		27005326234F264900359CB0 /* RealmHelper.swift */ = {isa = PBXFileReference; lastKnownFileType = sourcecode.swift; path = RealmHelper.swift; sourceTree = "<group>"; };
		2700532C2350B22000359CB0 /* ToDoListTests.xctest */ = {isa = PBXFileReference; explicitFileType = wrapper.cfbundle; includeInIndex = 0; path = ToDoListTests.xctest; sourceTree = BUILT_PRODUCTS_DIR; };
		2700532E2350B22000359CB0 /* ToDoListTests.swift */ = {isa = PBXFileReference; lastKnownFileType = sourcecode.swift; path = ToDoListTests.swift; sourceTree = "<group>"; };
		270053302350B22000359CB0 /* Info.plist */ = {isa = PBXFileReference; lastKnownFileType = text.plist.xml; path = Info.plist; sourceTree = "<group>"; };
		27005336235101E400359CB0 /* ToDoListModelTests.swift */ = {isa = PBXFileReference; lastKnownFileType = sourcecode.swift; path = ToDoListModelTests.swift; sourceTree = "<group>"; };
		276BEF2B2347712D007AFFB8 /* ListViewController.swift */ = {isa = PBXFileReference; lastKnownFileType = sourcecode.swift; path = ListViewController.swift; sourceTree = "<group>"; };
		276EB32C2349CE2F0063250C /* CreateViewController.swift */ = {isa = PBXFileReference; lastKnownFileType = sourcecode.swift; path = CreateViewController.swift; sourceTree = "<group>"; };
		276EB32E2349CE3A0063250C /* EditViewController.swift */ = {isa = PBXFileReference; lastKnownFileType = sourcecode.swift; path = EditViewController.swift; sourceTree = "<group>"; };
		277EA5F5235C5CE500814AB9 /* LoginViewController.swift */ = {isa = PBXFileReference; lastKnownFileType = sourcecode.swift; path = LoginViewController.swift; sourceTree = "<group>"; };
		278FC6902349D33D009BD2A8 /* ToDoList.swift */ = {isa = PBXFileReference; lastKnownFileType = sourcecode.swift; path = ToDoList.swift; sourceTree = "<group>"; };
		278FC694234AE2D7009BD2A8 /* ListTableViewController.swift */ = {isa = PBXFileReference; lastKnownFileType = sourcecode.swift; path = ListTableViewController.swift; sourceTree = "<group>"; };
		278FC696234AE535009BD2A8 /* ListTableViewCell.swift */ = {isa = PBXFileReference; lastKnownFileType = sourcecode.swift; path = ListTableViewCell.swift; sourceTree = "<group>"; };
		27E4C9E92344927E00ABC7A8 /* ToDoList.app */ = {isa = PBXFileReference; explicitFileType = wrapper.application; includeInIndex = 0; path = ToDoList.app; sourceTree = BUILT_PRODUCTS_DIR; };
		27E4C9EC2344927E00ABC7A8 /* AppDelegate.swift */ = {isa = PBXFileReference; lastKnownFileType = sourcecode.swift; path = AppDelegate.swift; sourceTree = "<group>"; };
		27E4C9EE2344927E00ABC7A8 /* SceneDelegate.swift */ = {isa = PBXFileReference; lastKnownFileType = sourcecode.swift; path = SceneDelegate.swift; sourceTree = "<group>"; };
		27E4C9F32344927E00ABC7A8 /* Base */ = {isa = PBXFileReference; lastKnownFileType = file.storyboard; name = Base; path = Base.lproj/Main.storyboard; sourceTree = "<group>"; };
		27E4C9F52344928000ABC7A8 /* Assets.xcassets */ = {isa = PBXFileReference; lastKnownFileType = folder.assetcatalog; path = Assets.xcassets; sourceTree = "<group>"; };
		27E4C9F82344928000ABC7A8 /* Base */ = {isa = PBXFileReference; lastKnownFileType = file.storyboard; name = Base; path = Base.lproj/LaunchScreen.storyboard; sourceTree = "<group>"; };
		27E4C9FA2344928000ABC7A8 /* Info.plist */ = {isa = PBXFileReference; lastKnownFileType = text.plist.xml; path = Info.plist; sourceTree = "<group>"; };
		4E38D78DAF0280FE16C2C61A /* Pods_ToDoList.framework */ = {isa = PBXFileReference; explicitFileType = wrapper.framework; includeInIndex = 0; path = Pods_ToDoList.framework; sourceTree = BUILT_PRODUCTS_DIR; };
		7C8802EC5D3937FCE181C140 /* Pods-ToDoList.debug.xcconfig */ = {isa = PBXFileReference; includeInIndex = 1; lastKnownFileType = text.xcconfig; name = "Pods-ToDoList.debug.xcconfig"; path = "Target Support Files/Pods-ToDoList/Pods-ToDoList.debug.xcconfig"; sourceTree = "<group>"; };
/* End PBXFileReference section */

/* Begin PBXFrameworksBuildPhase section */
		270053292350B22000359CB0 /* Frameworks */ = {
			isa = PBXFrameworksBuildPhase;
			buildActionMask = 2147483647;
			files = (
			);
			runOnlyForDeploymentPostprocessing = 0;
		};
		27E4C9E62344927E00ABC7A8 /* Frameworks */ = {
			isa = PBXFrameworksBuildPhase;
			buildActionMask = 2147483647;
			files = (
				790AB60E18AA713739242F5B /* Pods_ToDoList.framework in Frameworks */,
			);
			runOnlyForDeploymentPostprocessing = 0;
		};
/* End PBXFrameworksBuildPhase section */

/* Begin PBXGroup section */
		27005325234F25B700359CB0 /* Helpers */ = {
			isa = PBXGroup;
			children = (
				27005326234F264900359CB0 /* RealmHelper.swift */,
			);
			path = Helpers;
			sourceTree = "<group>";
		};
		2700532D2350B22000359CB0 /* ToDoListTests */ = {
			isa = PBXGroup;
			children = (
				27005336235101E400359CB0 /* ToDoListModelTests.swift */,
				2700532E2350B22000359CB0 /* ToDoListTests.swift */,
				270053302350B22000359CB0 /* Info.plist */,
			);
			path = ToDoListTests;
			sourceTree = "<group>";
		};
		276EB3302349CE9D0063250C /* ViewControllers */ = {
			isa = PBXGroup;
			children = (
				277EA5F5235C5CE500814AB9 /* LoginViewController.swift */,
				276EB32C2349CE2F0063250C /* CreateViewController.swift */,
				276EB32E2349CE3A0063250C /* EditViewController.swift */,
				276BEF2B2347712D007AFFB8 /* ListViewController.swift */,
				278FC694234AE2D7009BD2A8 /* ListTableViewController.swift */,
			);
			path = ViewControllers;
			sourceTree = "<group>";
		};
		278FC68F2349D327009BD2A8 /* Models */ = {
			isa = PBXGroup;
			children = (
				278FC6902349D33D009BD2A8 /* ToDoList.swift */,
			);
			path = Models;
			sourceTree = "<group>";
		};
		27E4C9E02344927E00ABC7A8 = {
			isa = PBXGroup;
			children = (
				27E4C9EB2344927E00ABC7A8 /* ToDoList */,
				2700532D2350B22000359CB0 /* ToDoListTests */,
				27E4C9EA2344927E00ABC7A8 /* Products */,
				BD006662EB26E74FCC1981DB /* Pods */,
				BC5499C0A21B8720090A75D5 /* Frameworks */,
			);
			sourceTree = "<group>";
		};
		27E4C9EA2344927E00ABC7A8 /* Products */ = {
			isa = PBXGroup;
			children = (
				27E4C9E92344927E00ABC7A8 /* ToDoList.app */,
				2700532C2350B22000359CB0 /* ToDoListTests.xctest */,
			);
			name = Products;
			sourceTree = "<group>";
		};
		27E4C9EB2344927E00ABC7A8 /* ToDoList */ = {
			isa = PBXGroup;
			children = (
				27005325234F25B700359CB0 /* Helpers */,
				278FC68F2349D327009BD2A8 /* Models */,
				276EB3302349CE9D0063250C /* ViewControllers */,
				27E4C9EC2344927E00ABC7A8 /* AppDelegate.swift */,
				27E4C9EE2344927E00ABC7A8 /* SceneDelegate.swift */,
				27E4C9F22344927E00ABC7A8 /* Main.storyboard */,
				27E4C9F52344928000ABC7A8 /* Assets.xcassets */,
				27E4C9F72344928000ABC7A8 /* LaunchScreen.storyboard */,
				27E4C9FA2344928000ABC7A8 /* Info.plist */,
				278FC696234AE535009BD2A8 /* ListTableViewCell.swift */,
			);
			path = ToDoList;
			sourceTree = "<group>";
		};
		BC5499C0A21B8720090A75D5 /* Frameworks */ = {
			isa = PBXGroup;
			children = (
				4E38D78DAF0280FE16C2C61A /* Pods_ToDoList.framework */,
			);
			name = Frameworks;
			sourceTree = "<group>";
		};
		BD006662EB26E74FCC1981DB /* Pods */ = {
			isa = PBXGroup;
			children = (
				7C8802EC5D3937FCE181C140 /* Pods-ToDoList.debug.xcconfig */,
				15FDA31546874249AD95EA64 /* Pods-ToDoList.release.xcconfig */,
			);
			path = Pods;
			sourceTree = "<group>";
		};
/* End PBXGroup section */

/* Begin PBXNativeTarget section */
		2700532B2350B22000359CB0 /* ToDoListTests */ = {
			isa = PBXNativeTarget;
			buildConfigurationList = 270053352350B22000359CB0 /* Build configuration list for PBXNativeTarget "ToDoListTests" */;
			buildPhases = (
				270053282350B22000359CB0 /* Sources */,
				270053292350B22000359CB0 /* Frameworks */,
				2700532A2350B22000359CB0 /* Resources */,
			);
			buildRules = (
			);
			dependencies = (
				270053322350B22000359CB0 /* PBXTargetDependency */,
			);
			name = ToDoListTests;
			productName = ToDoListTests;
			productReference = 2700532C2350B22000359CB0 /* ToDoListTests.xctest */;
			productType = "com.apple.product-type.bundle.unit-test";
		};
		27E4C9E82344927E00ABC7A8 /* ToDoList */ = {
			isa = PBXNativeTarget;
			buildConfigurationList = 27E4C9FD2344928000ABC7A8 /* Build configuration list for PBXNativeTarget "ToDoList" */;
			buildPhases = (
				4BC2E11EF2A18C38847EECE2 /* [CP] Check Pods Manifest.lock */,
				27E4C9E52344927E00ABC7A8 /* Sources */,
				27E4C9E62344927E00ABC7A8 /* Frameworks */,
				27E4C9E72344927E00ABC7A8 /* Resources */,
				8EBB894E1813D44934462328 /* [CP] Embed Pods Frameworks */,
			);
			buildRules = (
			);
			dependencies = (
			);
			name = ToDoList;
			productName = ToDoList;
			productReference = 27E4C9E92344927E00ABC7A8 /* ToDoList.app */;
			productType = "com.apple.product-type.application";
		};
/* End PBXNativeTarget section */

/* Begin PBXProject section */
		27E4C9E12344927E00ABC7A8 /* Project object */ = {
			isa = PBXProject;
			attributes = {
				LastSwiftUpdateCheck = 1100;
				LastUpgradeCheck = 1100;
				ORGANIZATIONNAME = mikewang;
				TargetAttributes = {
					2700532B2350B22000359CB0 = {
						CreatedOnToolsVersion = 11.0;
						TestTargetID = 27E4C9E82344927E00ABC7A8;
					};
					27E4C9E82344927E00ABC7A8 = {
						CreatedOnToolsVersion = 11.0;
					};
				};
			};
			buildConfigurationList = 27E4C9E42344927E00ABC7A8 /* Build configuration list for PBXProject "ToDoList" */;
			compatibilityVersion = "Xcode 9.3";
			developmentRegion = en;
			hasScannedForEncodings = 0;
			knownRegions = (
				en,
				Base,
			);
			mainGroup = 27E4C9E02344927E00ABC7A8;
			productRefGroup = 27E4C9EA2344927E00ABC7A8 /* Products */;
			projectDirPath = "";
			projectRoot = "";
			targets = (
				27E4C9E82344927E00ABC7A8 /* ToDoList */,
				2700532B2350B22000359CB0 /* ToDoListTests */,
			);
		};
/* End PBXProject section */

/* Begin PBXResourcesBuildPhase section */
		2700532A2350B22000359CB0 /* Resources */ = {
			isa = PBXResourcesBuildPhase;
			buildActionMask = 2147483647;
			files = (
			);
			runOnlyForDeploymentPostprocessing = 0;
		};
		27E4C9E72344927E00ABC7A8 /* Resources */ = {
			isa = PBXResourcesBuildPhase;
			buildActionMask = 2147483647;
			files = (
				27E4C9F92344928000ABC7A8 /* LaunchScreen.storyboard in Resources */,
				27E4C9F62344928000ABC7A8 /* Assets.xcassets in Resources */,
				27E4C9F42344927E00ABC7A8 /* Main.storyboard in Resources */,
			);
			runOnlyForDeploymentPostprocessing = 0;
		};
/* End PBXResourcesBuildPhase section */

/* Begin PBXShellScriptBuildPhase section */
		4BC2E11EF2A18C38847EECE2 /* [CP] Check Pods Manifest.lock */ = {
			isa = PBXShellScriptBuildPhase;
			buildActionMask = 2147483647;
			files = (
			);
			inputFileListPaths = (
			);
			inputPaths = (
				"${PODS_PODFILE_DIR_PATH}/Podfile.lock",
				"${PODS_ROOT}/Manifest.lock",
			);
			name = "[CP] Check Pods Manifest.lock";
			outputFileListPaths = (
			);
			outputPaths = (
				"$(DERIVED_FILE_DIR)/Pods-ToDoList-checkManifestLockResult.txt",
			);
			runOnlyForDeploymentPostprocessing = 0;
			shellPath = /bin/sh;
			shellScript = "diff \"${PODS_PODFILE_DIR_PATH}/Podfile.lock\" \"${PODS_ROOT}/Manifest.lock\" > /dev/null\nif [ $? != 0 ] ; then\n    # print error to STDERR\n    echo \"error: The sandbox is not in sync with the Podfile.lock. Run 'pod install' or update your CocoaPods installation.\" >&2\n    exit 1\nfi\n# This output is used by Xcode 'outputs' to avoid re-running this script phase.\necho \"SUCCESS\" > \"${SCRIPT_OUTPUT_FILE_0}\"\n";
			showEnvVarsInLog = 0;
		};
		8EBB894E1813D44934462328 /* [CP] Embed Pods Frameworks */ = {
			isa = PBXShellScriptBuildPhase;
			buildActionMask = 2147483647;
			files = (
			);
			inputFileListPaths = (
				"${PODS_ROOT}/Target Support Files/Pods-ToDoList/Pods-ToDoList-frameworks-${CONFIGURATION}-input-files.xcfilelist",
			);
			name = "[CP] Embed Pods Frameworks";
			outputFileListPaths = (
				"${PODS_ROOT}/Target Support Files/Pods-ToDoList/Pods-ToDoList-frameworks-${CONFIGURATION}-output-files.xcfilelist",
			);
			runOnlyForDeploymentPostprocessing = 0;
			shellPath = /bin/sh;
			shellScript = "\"${PODS_ROOT}/Target Support Files/Pods-ToDoList/Pods-ToDoList-frameworks.sh\"\n";
			showEnvVarsInLog = 0;
		};
/* End PBXShellScriptBuildPhase section */

/* Begin PBXSourcesBuildPhase section */
		270053282350B22000359CB0 /* Sources */ = {
			isa = PBXSourcesBuildPhase;
			buildActionMask = 2147483647;
			files = (
				2700532F2350B22000359CB0 /* ToDoListTests.swift in Sources */,
				27005337235101E500359CB0 /* ToDoListModelTests.swift in Sources */,
			);
			runOnlyForDeploymentPostprocessing = 0;
		};
		27E4C9E52344927E00ABC7A8 /* Sources */ = {
			isa = PBXSourcesBuildPhase;
			buildActionMask = 2147483647;
			files = (
				276EB32F2349CE3A0063250C /* EditViewController.swift in Sources */,
				278FC697234AE535009BD2A8 /* ListTableViewCell.swift in Sources */,
				276EB32D2349CE2F0063250C /* CreateViewController.swift in Sources */,
				27E4C9ED2344927E00ABC7A8 /* AppDelegate.swift in Sources */,
				27005327234F264900359CB0 /* RealmHelper.swift in Sources */,
				276BEF2C2347712D007AFFB8 /* ListViewController.swift in Sources */,
				278FC6912349D33D009BD2A8 /* ToDoList.swift in Sources */,
				27E4C9EF2344927E00ABC7A8 /* SceneDelegate.swift in Sources */,
				277EA5F6235C5CE500814AB9 /* LoginViewController.swift in Sources */,
				278FC695234AE2D7009BD2A8 /* ListTableViewController.swift in Sources */,
			);
			runOnlyForDeploymentPostprocessing = 0;
		};
/* End PBXSourcesBuildPhase section */

/* Begin PBXTargetDependency section */
		270053322350B22000359CB0 /* PBXTargetDependency */ = {
			isa = PBXTargetDependency;
			target = 27E4C9E82344927E00ABC7A8 /* ToDoList */;
			targetProxy = 270053312350B22000359CB0 /* PBXContainerItemProxy */;
		};
/* End PBXTargetDependency section */

/* Begin PBXVariantGroup section */
		27E4C9F22344927E00ABC7A8 /* Main.storyboard */ = {
			isa = PBXVariantGroup;
			children = (
				27E4C9F32344927E00ABC7A8 /* Base */,
			);
			name = Main.storyboard;
			sourceTree = "<group>";
		};
		27E4C9F72344928000ABC7A8 /* LaunchScreen.storyboard */ = {
			isa = PBXVariantGroup;
			children = (
				27E4C9F82344928000ABC7A8 /* Base */,
			);
			name = LaunchScreen.storyboard;
			sourceTree = "<group>";
		};
/* End PBXVariantGroup section */

/* Begin XCBuildConfiguration section */
		270053332350B22000359CB0 /* Debug */ = {
			isa = XCBuildConfiguration;
			buildSettings = {
				BUNDLE_LOADER = "$(TEST_HOST)";
				CODE_SIGN_STYLE = Automatic;
				DEVELOPMENT_TEAM = D24JWJSATC;
				INFOPLIST_FILE = ToDoListTests/Info.plist;
				LD_RUNPATH_SEARCH_PATHS = (
					"$(inherited)",
					"@executable_path/Frameworks",
					"@loader_path/Frameworks",
				);
				PRODUCT_BUNDLE_IDENTIFIER = com.mike.ToDoListTests;
				PRODUCT_NAME = "$(TARGET_NAME)";
				SWIFT_VERSION = 5.0;
				TARGETED_DEVICE_FAMILY = "1,2";
				TEST_HOST = "$(BUILT_PRODUCTS_DIR)/ToDoList.app/ToDoList";
			};
			name = Debug;
		};
		270053342350B22000359CB0 /* Release */ = {
			isa = XCBuildConfiguration;
			buildSettings = {
				BUNDLE_LOADER = "$(TEST_HOST)";
				CODE_SIGN_STYLE = Automatic;
				DEVELOPMENT_TEAM = D24JWJSATC;
				INFOPLIST_FILE = ToDoListTests/Info.plist;
				LD_RUNPATH_SEARCH_PATHS = (
					"$(inherited)",
					"@executable_path/Frameworks",
					"@loader_path/Frameworks",
				);
				PRODUCT_BUNDLE_IDENTIFIER = com.mike.ToDoListTests;
				PRODUCT_NAME = "$(TARGET_NAME)";
				SWIFT_VERSION = 5.0;
				TARGETED_DEVICE_FAMILY = "1,2";
				TEST_HOST = "$(BUILT_PRODUCTS_DIR)/ToDoList.app/ToDoList";
			};
			name = Release;
		};
		27E4C9FB2344928000ABC7A8 /* Debug */ = {
			isa = XCBuildConfiguration;
			buildSettings = {
				ALWAYS_SEARCH_USER_PATHS = NO;
				CLANG_ANALYZER_NONNULL = YES;
				CLANG_ANALYZER_NUMBER_OBJECT_CONVERSION = YES_AGGRESSIVE;
				CLANG_CXX_LANGUAGE_STANDARD = "gnu++14";
				CLANG_CXX_LIBRARY = "libc++";
				CLANG_ENABLE_MODULES = YES;
				CLANG_ENABLE_OBJC_ARC = YES;
				CLANG_ENABLE_OBJC_WEAK = YES;
				CLANG_WARN_BLOCK_CAPTURE_AUTORELEASING = YES;
				CLANG_WARN_BOOL_CONVERSION = YES;
				CLANG_WARN_COMMA = YES;
				CLANG_WARN_CONSTANT_CONVERSION = YES;
				CLANG_WARN_DEPRECATED_OBJC_IMPLEMENTATIONS = YES;
				CLANG_WARN_DIRECT_OBJC_ISA_USAGE = YES_ERROR;
				CLANG_WARN_DOCUMENTATION_COMMENTS = YES;
				CLANG_WARN_EMPTY_BODY = YES;
				CLANG_WARN_ENUM_CONVERSION = YES;
				CLANG_WARN_INFINITE_RECURSION = YES;
				CLANG_WARN_INT_CONVERSION = YES;
				CLANG_WARN_NON_LITERAL_NULL_CONVERSION = YES;
				CLANG_WARN_OBJC_IMPLICIT_RETAIN_SELF = YES;
				CLANG_WARN_OBJC_LITERAL_CONVERSION = YES;
				CLANG_WARN_OBJC_ROOT_CLASS = YES_ERROR;
				CLANG_WARN_RANGE_LOOP_ANALYSIS = YES;
				CLANG_WARN_STRICT_PROTOTYPES = YES;
				CLANG_WARN_SUSPICIOUS_MOVE = YES;
				CLANG_WARN_UNGUARDED_AVAILABILITY = YES_AGGRESSIVE;
				CLANG_WARN_UNREACHABLE_CODE = YES;
				CLANG_WARN__DUPLICATE_METHOD_MATCH = YES;
				COPY_PHASE_STRIP = NO;
				DEBUG_INFORMATION_FORMAT = dwarf;
				ENABLE_STRICT_OBJC_MSGSEND = YES;
				ENABLE_TESTABILITY = YES;
				GCC_C_LANGUAGE_STANDARD = gnu11;
				GCC_DYNAMIC_NO_PIC = NO;
				GCC_NO_COMMON_BLOCKS = YES;
				GCC_OPTIMIZATION_LEVEL = 0;
				GCC_PREPROCESSOR_DEFINITIONS = (
					"DEBUG=1",
					"$(inherited)",
				);
				GCC_WARN_64_TO_32_BIT_CONVERSION = YES;
				GCC_WARN_ABOUT_RETURN_TYPE = YES_ERROR;
				GCC_WARN_UNDECLARED_SELECTOR = YES;
				GCC_WARN_UNINITIALIZED_AUTOS = YES_AGGRESSIVE;
				GCC_WARN_UNUSED_FUNCTION = YES;
				GCC_WARN_UNUSED_VARIABLE = YES;
				IPHONEOS_DEPLOYMENT_TARGET = 13.0;
				MTL_ENABLE_DEBUG_INFO = INCLUDE_SOURCE;
				MTL_FAST_MATH = YES;
				ONLY_ACTIVE_ARCH = YES;
				SDKROOT = iphoneos;
				SWIFT_ACTIVE_COMPILATION_CONDITIONS = DEBUG;
				SWIFT_OPTIMIZATION_LEVEL = "-Onone";
			};
			name = Debug;
		};
		27E4C9FC2344928000ABC7A8 /* Release */ = {
			isa = XCBuildConfiguration;
			buildSettings = {
				ALWAYS_SEARCH_USER_PATHS = NO;
				CLANG_ANALYZER_NONNULL = YES;
				CLANG_ANALYZER_NUMBER_OBJECT_CONVERSION = YES_AGGRESSIVE;
				CLANG_CXX_LANGUAGE_STANDARD = "gnu++14";
				CLANG_CXX_LIBRARY = "libc++";
				CLANG_ENABLE_MODULES = YES;
				CLANG_ENABLE_OBJC_ARC = YES;
				CLANG_ENABLE_OBJC_WEAK = YES;
				CLANG_WARN_BLOCK_CAPTURE_AUTORELEASING = YES;
				CLANG_WARN_BOOL_CONVERSION = YES;
				CLANG_WARN_COMMA = YES;
				CLANG_WARN_CONSTANT_CONVERSION = YES;
				CLANG_WARN_DEPRECATED_OBJC_IMPLEMENTATIONS = YES;
				CLANG_WARN_DIRECT_OBJC_ISA_USAGE = YES_ERROR;
				CLANG_WARN_DOCUMENTATION_COMMENTS = YES;
				CLANG_WARN_EMPTY_BODY = YES;
				CLANG_WARN_ENUM_CONVERSION = YES;
				CLANG_WARN_INFINITE_RECURSION = YES;
				CLANG_WARN_INT_CONVERSION = YES;
				CLANG_WARN_NON_LITERAL_NULL_CONVERSION = YES;
				CLANG_WARN_OBJC_IMPLICIT_RETAIN_SELF = YES;
				CLANG_WARN_OBJC_LITERAL_CONVERSION = YES;
				CLANG_WARN_OBJC_ROOT_CLASS = YES_ERROR;
				CLANG_WARN_RANGE_LOOP_ANALYSIS = YES;
				CLANG_WARN_STRICT_PROTOTYPES = YES;
				CLANG_WARN_SUSPICIOUS_MOVE = YES;
				CLANG_WARN_UNGUARDED_AVAILABILITY = YES_AGGRESSIVE;
				CLANG_WARN_UNREACHABLE_CODE = YES;
				CLANG_WARN__DUPLICATE_METHOD_MATCH = YES;
				COPY_PHASE_STRIP = NO;
				DEBUG_INFORMATION_FORMAT = "dwarf-with-dsym";
				ENABLE_NS_ASSERTIONS = NO;
				ENABLE_STRICT_OBJC_MSGSEND = YES;
				GCC_C_LANGUAGE_STANDARD = gnu11;
				GCC_NO_COMMON_BLOCKS = YES;
				GCC_WARN_64_TO_32_BIT_CONVERSION = YES;
				GCC_WARN_ABOUT_RETURN_TYPE = YES_ERROR;
				GCC_WARN_UNDECLARED_SELECTOR = YES;
				GCC_WARN_UNINITIALIZED_AUTOS = YES_AGGRESSIVE;
				GCC_WARN_UNUSED_FUNCTION = YES;
				GCC_WARN_UNUSED_VARIABLE = YES;
				IPHONEOS_DEPLOYMENT_TARGET = 13.0;
				MTL_ENABLE_DEBUG_INFO = NO;
				MTL_FAST_MATH = YES;
				SDKROOT = iphoneos;
				SWIFT_COMPILATION_MODE = wholemodule;
				SWIFT_OPTIMIZATION_LEVEL = "-O";
				VALIDATE_PRODUCT = YES;
			};
			name = Release;
		};
		27E4C9FE2344928000ABC7A8 /* Debug */ = {
			isa = XCBuildConfiguration;
			baseConfigurationReference = 7C8802EC5D3937FCE181C140 /* Pods-ToDoList.debug.xcconfig */;
			buildSettings = {
				ASSETCATALOG_COMPILER_APPICON_NAME = AppIcon;
				CODE_SIGN_IDENTITY = "Apple Development";
				CODE_SIGN_STYLE = Automatic;
				DEVELOPMENT_TEAM = D24JWJSATC;
				INFOPLIST_FILE = ToDoList/Info.plist;
				LD_RUNPATH_SEARCH_PATHS = (
					"$(inherited)",
					"@executable_path/Frameworks",
				);
				PRODUCT_BUNDLE_IDENTIFIER = com.chiron.ToDoList;
				PRODUCT_NAME = "$(TARGET_NAME)";
				PROVISIONING_PROFILE_SPECIFIER = "";
				SWIFT_VERSION = 5.0;
				TARGETED_DEVICE_FAMILY = "1,2";
			};
			name = Debug;
		};
		27E4C9FF2344928000ABC7A8 /* Release */ = {
			isa = XCBuildConfiguration;
			baseConfigurationReference = 15FDA31546874249AD95EA64 /* Pods-ToDoList.release.xcconfig */;
			buildSettings = {
				ASSETCATALOG_COMPILER_APPICON_NAME = AppIcon;
				CODE_SIGN_IDENTITY = "Apple Development";
				CODE_SIGN_STYLE = Automatic;
				DEVELOPMENT_TEAM = D24JWJSATC;
				INFOPLIST_FILE = ToDoList/Info.plist;
				LD_RUNPATH_SEARCH_PATHS = (
					"$(inherited)",
					"@executable_path/Frameworks",
				);
				PRODUCT_BUNDLE_IDENTIFIER = com.chiron.ToDoList;
				PRODUCT_NAME = "$(TARGET_NAME)";
				PROVISIONING_PROFILE_SPECIFIER = "";
				SWIFT_VERSION = 5.0;
				TARGETED_DEVICE_FAMILY = "1,2";
			};
			name = Release;
		};
/* End XCBuildConfiguration section */

/* Begin XCConfigurationList section */
		270053352350B22000359CB0 /* Build configuration list for PBXNativeTarget "ToDoListTests" */ = {
			isa = XCConfigurationList;
			buildConfigurations = (
				270053332350B22000359CB0 /* Debug */,
				270053342350B22000359CB0 /* Release */,
			);
			defaultConfigurationIsVisible = 0;
			defaultConfigurationName = Release;
		};
		27E4C9E42344927E00ABC7A8 /* Build configuration list for PBXProject "ToDoList" */ = {
			isa = XCConfigurationList;
			buildConfigurations = (
				27E4C9FB2344928000ABC7A8 /* Debug */,
				27E4C9FC2344928000ABC7A8 /* Release */,
			);
			defaultConfigurationIsVisible = 0;
			defaultConfigurationName = Release;
		};
		27E4C9FD2344928000ABC7A8 /* Build configuration list for PBXNativeTarget "ToDoList" */ = {
			isa = XCConfigurationList;
			buildConfigurations = (
				27E4C9FE2344928000ABC7A8 /* Debug */,
				27E4C9FF2344928000ABC7A8 /* Release */,
			);
			defaultConfigurationIsVisible = 0;
			defaultConfigurationName = Release;
		};
/* End XCConfigurationList section */
	};
	rootObject = 27E4C9E12344927E00ABC7A8 /* Project object */;
}
