// !$*UTF8*$!
{
	archiveVersion = 1;
	classes = {
	};
	objectVersion = 51;
	objects = {

/* Begin PBXBuildFile section */
		270F759B23537D670026F011 /* AppDelegate.swift in Sources */ = {isa = PBXBuildFile; fileRef = 270F759A23537D670026F011 /* AppDelegate.swift */; };
		270F759D23537D670026F011 /* SceneDelegate.swift in Sources */ = {isa = PBXBuildFile; fileRef = 270F759C23537D670026F011 /* SceneDelegate.swift */; };
		270F759F23537D670026F011 /* ViewController.swift in Sources */ = {isa = PBXBuildFile; fileRef = 270F759E23537D670026F011 /* ViewController.swift */; };
		270F75A223537D670026F011 /* Main.storyboard in Resources */ = {isa = PBXBuildFile; fileRef = 270F75A023537D670026F011 /* Main.storyboard */; };
		270F75A423537D6B0026F011 /* Assets.xcassets in Resources */ = {isa = PBXBuildFile; fileRef = 270F75A323537D6B0026F011 /* Assets.xcassets */; };
		270F75A723537D6B0026F011 /* LaunchScreen.storyboard in Resources */ = {isa = PBXBuildFile; fileRef = 270F75A523537D6B0026F011 /* LaunchScreen.storyboard */; };
		71D91EECE19436C15271045A /* Pods_Day28FBLogin.framework in Frameworks */ = {isa = PBXBuildFile; fileRef = 0A7E751C4D14F9E0E8B0762E /* Pods_Day28FBLogin.framework */; };
/* End PBXBuildFile section */

/* Begin PBXFileReference section */
		0A7E751C4D14F9E0E8B0762E /* Pods_Day28FBLogin.framework */ = {isa = PBXFileReference; explicitFileType = wrapper.framework; includeInIndex = 0; path = Pods_Day28FBLogin.framework; sourceTree = BUILT_PRODUCTS_DIR; };
		270F759723537D670026F011 /* Day28FBLogin.app */ = {isa = PBXFileReference; explicitFileType = wrapper.application; includeInIndex = 0; path = Day28FBLogin.app; sourceTree = BUILT_PRODUCTS_DIR; };
		270F759A23537D670026F011 /* AppDelegate.swift */ = {isa = PBXFileReference; lastKnownFileType = sourcecode.swift; path = AppDelegate.swift; sourceTree = "<group>"; };
		270F759C23537D670026F011 /* SceneDelegate.swift */ = {isa = PBXFileReference; lastKnownFileType = sourcecode.swift; path = SceneDelegate.swift; sourceTree = "<group>"; };
		270F759E23537D670026F011 /* ViewController.swift */ = {isa = PBXFileReference; lastKnownFileType = sourcecode.swift; path = ViewController.swift; sourceTree = "<group>"; };
		270F75A123537D670026F011 /* Base */ = {isa = PBXFileReference; lastKnownFileType = file.storyboard; name = Base; path = Base.lproj/Main.storyboard; sourceTree = "<group>"; };
		270F75A323537D6B0026F011 /* Assets.xcassets */ = {isa = PBXFileReference; lastKnownFileType = folder.assetcatalog; path = Assets.xcassets; sourceTree = "<group>"; };
		270F75A623537D6B0026F011 /* Base */ = {isa = PBXFileReference; lastKnownFileType = file.storyboard; name = Base; path = Base.lproj/LaunchScreen.storyboard; sourceTree = "<group>"; };
		270F75A823537D6B0026F011 /* Info.plist */ = {isa = PBXFileReference; lastKnownFileType = text.plist.xml; path = Info.plist; sourceTree = "<group>"; };
		46B961CE03BA4D5ECFC73D4D /* Pods-Day28FBLogin.debug.xcconfig */ = {isa = PBXFileReference; includeInIndex = 1; lastKnownFileType = text.xcconfig; name = "Pods-Day28FBLogin.debug.xcconfig"; path = "Target Support Files/Pods-Day28FBLogin/Pods-Day28FBLogin.debug.xcconfig"; sourceTree = "<group>"; };
		FC7F79D23B4B283407D3580D /* Pods-Day28FBLogin.release.xcconfig */ = {isa = PBXFileReference; includeInIndex = 1; lastKnownFileType = text.xcconfig; name = "Pods-Day28FBLogin.release.xcconfig"; path = "Target Support Files/Pods-Day28FBLogin/Pods-Day28FBLogin.release.xcconfig"; sourceTree = "<group>"; };
/* End PBXFileReference section */

/* Begin PBXFrameworksBuildPhase section */
		270F759423537D670026F011 /* Frameworks */ = {
			isa = PBXFrameworksBuildPhase;
			buildActionMask = 2147483647;
			files = (
				71D91EECE19436C15271045A /* Pods_Day28FBLogin.framework in Frameworks */,
			);
			runOnlyForDeploymentPostprocessing = 0;
		};
/* End PBXFrameworksBuildPhase section */

/* Begin PBXGroup section */
		270F758E23537D670026F011 = {
			isa = PBXGroup;
			children = (
				270F759923537D670026F011 /* Day28FBLogin */,
				270F759823537D670026F011 /* Products */,
				6FEAA85211B01DE61DFD69FD /* Pods */,
				C0A1C1FCCC7F472A1F4C5981 /* Frameworks */,
			);
			sourceTree = "<group>";
		};
		270F759823537D670026F011 /* Products */ = {
			isa = PBXGroup;
			children = (
				270F759723537D670026F011 /* Day28FBLogin.app */,
			);
			name = Products;
			sourceTree = "<group>";
		};
		270F759923537D670026F011 /* Day28FBLogin */ = {
			isa = PBXGroup;
			children = (
				270F759A23537D670026F011 /* AppDelegate.swift */,
				270F759C23537D670026F011 /* SceneDelegate.swift */,
				270F759E23537D670026F011 /* ViewController.swift */,
				270F75A023537D670026F011 /* Main.storyboard */,
				270F75A323537D6B0026F011 /* Assets.xcassets */,
				270F75A523537D6B0026F011 /* LaunchScreen.storyboard */,
				270F75A823537D6B0026F011 /* Info.plist */,
			);
			path = Day28FBLogin;
			sourceTree = "<group>";
		};
		6FEAA85211B01DE61DFD69FD /* Pods */ = {
			isa = PBXGroup;
			children = (
				46B961CE03BA4D5ECFC73D4D /* Pods-Day28FBLogin.debug.xcconfig */,
				FC7F79D23B4B283407D3580D /* Pods-Day28FBLogin.release.xcconfig */,
			);
			path = Pods;
			sourceTree = "<group>";
		};
		C0A1C1FCCC7F472A1F4C5981 /* Frameworks */ = {
			isa = PBXGroup;
			children = (
				0A7E751C4D14F9E0E8B0762E /* Pods_Day28FBLogin.framework */,
			);
			name = Frameworks;
			sourceTree = "<group>";
		};
/* End PBXGroup section */

/* Begin PBXNativeTarget section */
		270F759623537D670026F011 /* Day28FBLogin */ = {
			isa = PBXNativeTarget;
			buildConfigurationList = 270F75AB23537D6B0026F011 /* Build configuration list for PBXNativeTarget "Day28FBLogin" */;
			buildPhases = (
				478066883B0534D52EEC64C8 /* [CP] Check Pods Manifest.lock */,
				270F759323537D670026F011 /* Sources */,
				270F759423537D670026F011 /* Frameworks */,
				270F759523537D670026F011 /* Resources */,
				29DFA97DDAEFAA5DBEDCAB00 /* [CP] Embed Pods Frameworks */,
			);
			buildRules = (
			);
			dependencies = (
			);
			name = Day28FBLogin;
			productName = Day28FBLogin;
			productReference = 270F759723537D670026F011 /* Day28FBLogin.app */;
			productType = "com.apple.product-type.application";
		};
/* End PBXNativeTarget section */

/* Begin PBXProject section */
		270F758F23537D670026F011 /* Project object */ = {
			isa = PBXProject;
			attributes = {
				LastSwiftUpdateCheck = 1110;
				LastUpgradeCheck = 1110;
				ORGANIZATIONNAME = mikewang;
				TargetAttributes = {
					270F759623537D670026F011 = {
						CreatedOnToolsVersion = 11.1;
					};
				};
			};
			buildConfigurationList = 270F759223537D670026F011 /* Build configuration list for PBXProject "Day28FBLogin" */;
			compatibilityVersion = "Xcode 9.3";
			developmentRegion = en;
			hasScannedForEncodings = 0;
			knownRegions = (
				en,
				Base,
			);
			mainGroup = 270F758E23537D670026F011;
			productRefGroup = 270F759823537D670026F011 /* Products */;
			projectDirPath = "";
			projectRoot = "";
			targets = (
				270F759623537D670026F011 /* Day28FBLogin */,
			);
		};
/* End PBXProject section */

/* Begin PBXResourcesBuildPhase section */
		270F759523537D670026F011 /* Resources */ = {
			isa = PBXResourcesBuildPhase;
			buildActionMask = 2147483647;
			files = (
				270F75A723537D6B0026F011 /* LaunchScreen.storyboard in Resources */,
				270F75A423537D6B0026F011 /* Assets.xcassets in Resources */,
				270F75A223537D670026F011 /* Main.storyboard in Resources */,
			);
			runOnlyForDeploymentPostprocessing = 0;
		};
/* End PBXResourcesBuildPhase section */

/* Begin PBXShellScriptBuildPhase section */
		29DFA97DDAEFAA5DBEDCAB00 /* [CP] Embed Pods Frameworks */ = {
			isa = PBXShellScriptBuildPhase;
			buildActionMask = 2147483647;
			files = (
			);
			inputFileListPaths = (
				"${PODS_ROOT}/Target Support Files/Pods-Day28FBLogin/Pods-Day28FBLogin-frameworks-${CONFIGURATION}-input-files.xcfilelist",
			);
			name = "[CP] Embed Pods Frameworks";
			outputFileListPaths = (
				"${PODS_ROOT}/Target Support Files/Pods-Day28FBLogin/Pods-Day28FBLogin-frameworks-${CONFIGURATION}-output-files.xcfilelist",
			);
			runOnlyForDeploymentPostprocessing = 0;
			shellPath = /bin/sh;
			shellScript = "\"${PODS_ROOT}/Target Support Files/Pods-Day28FBLogin/Pods-Day28FBLogin-frameworks.sh\"\n";
			showEnvVarsInLog = 0;
		};
		478066883B0534D52EEC64C8 /* [CP] Check Pods Manifest.lock */ = {
			isa = PBXShellScriptBuildPhase;
			buildActionMask = 2147483647;
			files = (
			);
			inputFileListPaths = (
			);
			inputPaths = (
				"${PODS_PODFILE_DIR_PATH}/Podfile.lock",
				"${PODS_ROOT}/Manifest.lock",
			);
			name = "[CP] Check Pods Manifest.lock";
			outputFileListPaths = (
			);
			outputPaths = (
				"$(DERIVED_FILE_DIR)/Pods-Day28FBLogin-checkManifestLockResult.txt",
			);
			runOnlyForDeploymentPostprocessing = 0;
			shellPath = /bin/sh;
			shellScript = "diff \"${PODS_PODFILE_DIR_PATH}/Podfile.lock\" \"${PODS_ROOT}/Manifest.lock\" > /dev/null\nif [ $? != 0 ] ; then\n    # print error to STDERR\n    echo \"error: The sandbox is not in sync with the Podfile.lock. Run 'pod install' or update your CocoaPods installation.\" >&2\n    exit 1\nfi\n# This output is used by Xcode 'outputs' to avoid re-running this script phase.\necho \"SUCCESS\" > \"${SCRIPT_OUTPUT_FILE_0}\"\n";
			showEnvVarsInLog = 0;
		};
/* End PBXShellScriptBuildPhase section */

/* Begin PBXSourcesBuildPhase section */
		270F759323537D670026F011 /* Sources */ = {
			isa = PBXSourcesBuildPhase;
			buildActionMask = 2147483647;
			files = (
				270F759F23537D670026F011 /* ViewController.swift in Sources */,
				270F759B23537D670026F011 /* AppDelegate.swift in Sources */,
				270F759D23537D670026F011 /* SceneDelegate.swift in Sources */,
			);
			runOnlyForDeploymentPostprocessing = 0;
		};
/* End PBXSourcesBuildPhase section */

/* Begin PBXVariantGroup section */
		270F75A023537D670026F011 /* Main.storyboard */ = {
			isa = PBXVariantGroup;
			children = (
				270F75A123537D670026F011 /* Base */,
			);
			name = Main.storyboard;
			sourceTree = "<group>";
		};
		270F75A523537D6B0026F011 /* LaunchScreen.storyboard */ = {
			isa = PBXVariantGroup;
			children = (
				270F75A623537D6B0026F011 /* Base */,
			);
			name = LaunchScreen.storyboard;
			sourceTree = "<group>";
		};
/* End PBXVariantGroup section */

/* Begin XCBuildConfiguration section */
		270F75A923537D6B0026F011 /* Debug */ = {
			isa = XCBuildConfiguration;
			buildSettings = {
				ALWAYS_SEARCH_USER_PATHS = NO;
				CLANG_ANALYZER_NONNULL = YES;
				CLANG_ANALYZER_NUMBER_OBJECT_CONVERSION = YES_AGGRESSIVE;
				CLANG_CXX_LANGUAGE_STANDARD = "gnu++14";
				CLANG_CXX_LIBRARY = "libc++";
				CLANG_ENABLE_MODULES = YES;
				CLANG_ENABLE_OBJC_ARC = YES;
				CLANG_ENABLE_OBJC_WEAK = YES;
				CLANG_WARN_BLOCK_CAPTURE_AUTORELEASING = YES;
				CLANG_WARN_BOOL_CONVERSION = YES;
				CLANG_WARN_COMMA = YES;
				CLANG_WARN_CONSTANT_CONVERSION = YES;
				CLANG_WARN_DEPRECATED_OBJC_IMPLEMENTATIONS = YES;
				CLANG_WARN_DIRECT_OBJC_ISA_USAGE = YES_ERROR;
				CLANG_WARN_DOCUMENTATION_COMMENTS = YES;
				CLANG_WARN_EMPTY_BODY = YES;
				CLANG_WARN_ENUM_CONVERSION = YES;
				CLANG_WARN_INFINITE_RECURSION = YES;
				CLANG_WARN_INT_CONVERSION = YES;
				CLANG_WARN_NON_LITERAL_NULL_CONVERSION = YES;
				CLANG_WARN_OBJC_IMPLICIT_RETAIN_SELF = YES;
				CLANG_WARN_OBJC_LITERAL_CONVERSION = YES;
				CLANG_WARN_OBJC_ROOT_CLASS = YES_ERROR;
				CLANG_WARN_RANGE_LOOP_ANALYSIS = YES;
				CLANG_WARN_STRICT_PROTOTYPES = YES;
				CLANG_WARN_SUSPICIOUS_MOVE = YES;
				CLANG_WARN_UNGUARDED_AVAILABILITY = YES_AGGRESSIVE;
				CLANG_WARN_UNREACHABLE_CODE = YES;
				CLANG_WARN__DUPLICATE_METHOD_MATCH = YES;
				COPY_PHASE_STRIP = NO;
				DEBUG_INFORMATION_FORMAT = dwarf;
				ENABLE_STRICT_OBJC_MSGSEND = YES;
				ENABLE_TESTABILITY = YES;
				GCC_C_LANGUAGE_STANDARD = gnu11;
				GCC_DYNAMIC_NO_PIC = NO;
				GCC_NO_COMMON_BLOCKS = YES;
				GCC_OPTIMIZATION_LEVEL = 0;
				GCC_PREPROCESSOR_DEFINITIONS = (
					"DEBUG=1",
					"$(inherited)",
				);
				GCC_WARN_64_TO_32_BIT_CONVERSION = YES;
				GCC_WARN_ABOUT_RETURN_TYPE = YES_ERROR;
				GCC_WARN_UNDECLARED_SELECTOR = YES;
				GCC_WARN_UNINITIALIZED_AUTOS = YES_AGGRESSIVE;
				GCC_WARN_UNUSED_FUNCTION = YES;
				GCC_WARN_UNUSED_VARIABLE = YES;
				IPHONEOS_DEPLOYMENT_TARGET = 13.1;
				MTL_ENABLE_DEBUG_INFO = INCLUDE_SOURCE;
				MTL_FAST_MATH = YES;
				ONLY_ACTIVE_ARCH = YES;
				SDKROOT = iphoneos;
				SWIFT_ACTIVE_COMPILATION_CONDITIONS = DEBUG;
				SWIFT_OPTIMIZATION_LEVEL = "-Onone";
			};
			name = Debug;
		};
		270F75AA23537D6B0026F011 /* Release */ = {
			isa = XCBuildConfiguration;
			buildSettings = {
				ALWAYS_SEARCH_USER_PATHS = NO;
				CLANG_ANALYZER_NONNULL = YES;
				CLANG_ANALYZER_NUMBER_OBJECT_CONVERSION = YES_AGGRESSIVE;
				CLANG_CXX_LANGUAGE_STANDARD = "gnu++14";
				CLANG_CXX_LIBRARY = "libc++";
				CLANG_ENABLE_MODULES = YES;
				CLANG_ENABLE_OBJC_ARC = YES;
				CLANG_ENABLE_OBJC_WEAK = YES;
				CLANG_WARN_BLOCK_CAPTURE_AUTORELEASING = YES;
				CLANG_WARN_BOOL_CONVERSION = YES;
				CLANG_WARN_COMMA = YES;
				CLANG_WARN_CONSTANT_CONVERSION = YES;
				CLANG_WARN_DEPRECATED_OBJC_IMPLEMENTATIONS = YES;
				CLANG_WARN_DIRECT_OBJC_ISA_USAGE = YES_ERROR;
				CLANG_WARN_DOCUMENTATION_COMMENTS = YES;
				CLANG_WARN_EMPTY_BODY = YES;
				CLANG_WARN_ENUM_CONVERSION = YES;
				CLANG_WARN_INFINITE_RECURSION = YES;
				CLANG_WARN_INT_CONVERSION = YES;
				CLANG_WARN_NON_LITERAL_NULL_CONVERSION = YES;
				CLANG_WARN_OBJC_IMPLICIT_RETAIN_SELF = YES;
				CLANG_WARN_OBJC_LITERAL_CONVERSION = YES;
				CLANG_WARN_OBJC_ROOT_CLASS = YES_ERROR;
				CLANG_WARN_RANGE_LOOP_ANALYSIS = YES;
				CLANG_WARN_STRICT_PROTOTYPES = YES;
				CLANG_WARN_SUSPICIOUS_MOVE = YES;
				CLANG_WARN_UNGUARDED_AVAILABILITY = YES_AGGRESSIVE;
				CLANG_WARN_UNREACHABLE_CODE = YES;
				CLANG_WARN__DUPLICATE_METHOD_MATCH = YES;
				COPY_PHASE_STRIP = NO;
				DEBUG_INFORMATION_FORMAT = "dwarf-with-dsym";
				ENABLE_NS_ASSERTIONS = NO;
				ENABLE_STRICT_OBJC_MSGSEND = YES;
				GCC_C_LANGUAGE_STANDARD = gnu11;
				GCC_NO_COMMON_BLOCKS = YES;
				GCC_WARN_64_TO_32_BIT_CONVERSION = YES;
				GCC_WARN_ABOUT_RETURN_TYPE = YES_ERROR;
				GCC_WARN_UNDECLARED_SELECTOR = YES;
				GCC_WARN_UNINITIALIZED_AUTOS = YES_AGGRESSIVE;
				GCC_WARN_UNUSED_FUNCTION = YES;
				GCC_WARN_UNUSED_VARIABLE = YES;
				IPHONEOS_DEPLOYMENT_TARGET = 13.1;
				MTL_ENABLE_DEBUG_INFO = NO;
				MTL_FAST_MATH = YES;
				SDKROOT = iphoneos;
				SWIFT_COMPILATION_MODE = wholemodule;
				SWIFT_OPTIMIZATION_LEVEL = "-O";
				VALIDATE_PRODUCT = YES;
			};
			name = Release;
		};
		270F75AC23537D6B0026F011 /* Debug */ = {
			isa = XCBuildConfiguration;
			baseConfigurationReference = 46B961CE03BA4D5ECFC73D4D /* Pods-Day28FBLogin.debug.xcconfig */;
			buildSettings = {
				ASSETCATALOG_COMPILER_APPICON_NAME = AppIcon;
				CODE_SIGN_STYLE = Automatic;
				DEVELOPMENT_TEAM = D24JWJSATC;
				INFOPLIST_FILE = Day28FBLogin/Info.plist;
				LD_RUNPATH_SEARCH_PATHS = (
					"$(inherited)",
					"@executable_path/Frameworks",
				);
				OTHER_LDFLAGS = (
					"$(inherited)",
					"-l\"z\"",
					"-framework",
					"\"FBSDKCoreKit\"",
					"-framework",
					"\"FBSDKLoginKit\"",
					"-weak_framework",
					"\"Accounts\"",
					"-weak_framework",
					"\"AudioToolbox\"",
					"-weak_framework",
					"\"CoreGraphics\"",
					"-weak_framework",
					"\"CoreLocation\"",
					"-weak_framework",
					"\"Foundation\"",
					"-weak_framework",
					"\"QuartzCore\"",
					"-weak_framework",
					"\"Security\"",
					"-weak_framework",
					"\"Social\"",
					"-weak_framework",
					"\"UIKit\"",
					"-ObjC",
				);
				PRODUCT_BUNDLE_IDENTIFIER = com.mike.Day28FBLogin.Day28FBLogin;
				PRODUCT_NAME = "$(TARGET_NAME)";
				SWIFT_VERSION = 5.0;
				TARGETED_DEVICE_FAMILY = "1,2";
			};
			name = Debug;
		};
		270F75AD23537D6B0026F011 /* Release */ = {
			isa = XCBuildConfiguration;
			baseConfigurationReference = FC7F79D23B4B283407D3580D /* Pods-Day28FBLogin.release.xcconfig */;
			buildSettings = {
				ASSETCATALOG_COMPILER_APPICON_NAME = AppIcon;
				CODE_SIGN_STYLE = Automatic;
				DEVELOPMENT_TEAM = D24JWJSATC;
				INFOPLIST_FILE = Day28FBLogin/Info.plist;
				LD_RUNPATH_SEARCH_PATHS = (
					"$(inherited)",
					"@executable_path/Frameworks",
				);
				OTHER_LDFLAGS = (
					"$(inherited)",
					"-l\"z\"",
					"-framework",
					"\"FBSDKCoreKit\"",
					"-framework",
					"\"FBSDKLoginKit\"",
					"-weak_framework",
					"\"Accounts\"",
					"-weak_framework",
					"\"AudioToolbox\"",
					"-weak_framework",
					"\"CoreGraphics\"",
					"-weak_framework",
					"\"CoreLocation\"",
					"-weak_framework",
					"\"Foundation\"",
					"-weak_framework",
					"\"QuartzCore\"",
					"-weak_framework",
					"\"Security\"",
					"-weak_framework",
					"\"Social\"",
					"-weak_framework",
					"\"UIKit\"",
					"-ObjC",
				);
				PRODUCT_BUNDLE_IDENTIFIER = com.mike.Day28FBLogin.Day28FBLogin;
				PRODUCT_NAME = "$(TARGET_NAME)";
				SWIFT_VERSION = 5.0;
				TARGETED_DEVICE_FAMILY = "1,2";
			};
			name = Release;
		};
/* End XCBuildConfiguration section */

/* Begin XCConfigurationList section */
		270F759223537D670026F011 /* Build configuration list for PBXProject "Day28FBLogin" */ = {
			isa = XCConfigurationList;
			buildConfigurations = (
				270F75A923537D6B0026F011 /* Debug */,
				270F75AA23537D6B0026F011 /* Release */,
			);
			defaultConfigurationIsVisible = 0;
			defaultConfigurationName = Release;
		};
		270F75AB23537D6B0026F011 /* Build configuration list for PBXNativeTarget "Day28FBLogin" */ = {
			isa = XCConfigurationList;
			buildConfigurations = (
				270F75AC23537D6B0026F011 /* Debug */,
				270F75AD23537D6B0026F011 /* Release */,
			);
			defaultConfigurationIsVisible = 0;
			defaultConfigurationName = Release;
		};
/* End XCConfigurationList section */
	};
	rootObject = 270F758F23537D670026F011 /* Project object */;
}
